
Microsoft Visual Studio Solution File, Format Version 12.00
# Visual Studio Version 17
VisualStudioVersion = 17.2.32630.192
MinimumVisualStudioVersion = 10.0.40219.1
Project("{FAE04EC0-301F-11D3-BF4B-00C04F79EFBC}") = "Hospital", "Hospital\Hospital.csproj", "{25258120-7365-4E9F-B9DA-0B9249C8277F}"
EndProject
Global
	GlobalSection(SolutionConfigurationPlatforms) = preSolution
		Debug|Any CPU = Debug|Any CPU
		Release|Any CPU = Release|Any CPU
	EndGlobalSection
	GlobalSection(ProjectConfigurationPlatforms) = postSolution
		{25258120-7365-4E9F-B9DA-0B9249C8277F}.Debug|Any CPU.ActiveCfg = Debug|Any CPU
		{25258120-7365-4E9F-B9DA-0B9249C8277F}.Debug|Any CPU.Build.0 = Debug|Any CPU
		{25258120-7365-4E9F-B9DA-0B9249C8277F}.Release|Any CPU.ActiveCfg = Release|Any CPU
		{25258120-7365-4E9F-B9DA-0B9249C8277F}.Release|Any CPU.Build.0 = Release|Any CPU
	EndGlobalSection
	GlobalSection(SolutionProperties) = preSolution
		HideSolutionNode = FALSE
	EndGlobalSection
	GlobalSection(ExtensibilityGlobals) = postSolution
		SolutionGuid = {A0649C17-4B6F-4377-BC33-55B5687F668F}
	EndGlobalSection
EndGlobal
